
Microsoft Visual Studio Solution File, Format Version 12.00
Project("{FAE04EC0-301F-11D3-BF4B-00C04F79EFBC}") = "HighScores", "HighScores\HighScores.csproj", "{0E2162EB-4A57-4204-BC70-35C4F98E7BB7}"
EndProject
Global
	GlobalSection(SolutionConfigurationPlatforms) = preSolution
		Debug|Any CPU = Debug|Any CPU
		Release|Any CPU = Release|Any CPU
	EndGlobalSection
	GlobalSection(ProjectConfigurationPlatforms) = postSolution
		{0E2162EB-4A57-4204-BC70-35C4F98E7BB7}.Debug|Any CPU.ActiveCfg = Debug|Any CPU
		{0E2162EB-4A57-4204-BC70-35C4F98E7BB7}.Debug|Any CPU.Build.0 = Debug|Any CPU
		{0E2162EB-4A57-4204-BC70-35C4F98E7BB7}.Release|Any CPU.ActiveCfg = Release|Any CPU
		{0E2162EB-4A57-4204-BC70-35C4F98E7BB7}.Release|Any CPU.Build.0 = Release|Any CPU
	EndGlobalSection
EndGlobal
